{
    "name": "wonder-image-app",
    "lockfileVersion": 3,
    "requires": true,
    "packages": {
        "": {
            "name": "wonder-image-app",
            "dependencies": {
                "wonder-image": "^2.1.2-alpha.24"
            }
        },
        "node_modules/wonder-image": {
            "version": "2.1.2-alpha.24",
            "resolved": "https://registry.npmjs.org/wonder-image/-/wonder-image-2.1.2-alpha.24.tgz",
            "integrity": "sha512-b2ctSYxQQ2IAbG6YzlJaDvdCYuTvPhMl62bwXX59+mz1bjCkAj6bLQORjgYMrZqVO/Ezz4i8KXYy4UAI4ZzJxw==",
            "license": "ISC",
            "engines": {
                "node": ">=20"
            }
        }
    }
}
